# Append-only: one "<SETTLED_SCHEMA_VERSION> <sha256 of the schema shape>" line per version.
# Maintained by src/tools/tests/schema-version-pin.sh — never edit a past version's line.
#
# v3 is re-pinned (not bumped) for changes that keep every existing v3 settled artefact valid.
# Two classes:
#   * Fingerprint corrections that add NO authorable field: (1) the schema became DERIVED from the
#     parser structs (#142) — the prior pins captured the hand-mirror's incomplete shape, which
#     omitted the `[[*.add]]` delta forms the parser always accepted; (2) `[[provides]]`/`[[consumes]]`
#     `name`/`shape` were typed required, matching a check the compiler already enforced.
#   * Additive-OPTIONAL sections whose absence is the default, so a policy that does not use them
#     yields a byte-identical artefact: the 0.6.0 persona `[identity].hostname` and `[net.udp]` +
#     `[[net.udp.allow]]` (W2). The W2 settled additions — the `udp` flag and the `udp_allow_names`
#     grant list — are both skipped from the canonical form when unset/empty, so a v3 policy without
#     `[net.udp]` signs and loads exactly as before.
# The settled FORMAT is unchanged in every case, so the version stays v3.
1 81ad93dc4e2ac044aba0afa2c9ed9bdc7b0ecb395e65a92fd790e4bf00732c91
2 81ad93dc4e2ac044aba0afa2c9ed9bdc7b0ecb395e65a92fd790e4bf00732c91
3 2a0ad34061677dc132cc86732def376e9968c648c65816417d3290748149a3e4
